
Microsoft Visual Studio Solution File, Format Version 12.00
# Visual Studio Version 16
VisualStudioVersion = 16.0.33130.400
MinimumVisualStudioVersion = 10.0.40219.1
Project("{FAE04EC0-301F-11D3-BF4B-00C04F79EFBC}") = "Modul_8_Task_2", "Modul_8_Task_2\Modul_8_Task_2.csproj", "{A38274EF-F291-44A2-9E72-04C8B7BA26C1}"
EndProject
Global
	GlobalSection(SolutionConfigurationPlatforms) = preSolution
		Debug|Any CPU = Debug|Any CPU
		Release|Any CPU = Release|Any CPU
	EndGlobalSection
	GlobalSection(ProjectConfigurationPlatforms) = postSolution
		{A38274EF-F291-44A2-9E72-04C8B7BA26C1}.Debug|Any CPU.ActiveCfg = Debug|Any CPU
		{A38274EF-F291-44A2-9E72-04C8B7BA26C1}.Debug|Any CPU.Build.0 = Debug|Any CPU
		{A38274EF-F291-44A2-9E72-04C8B7BA26C1}.Release|Any CPU.ActiveCfg = Release|Any CPU
		{A38274EF-F291-44A2-9E72-04C8B7BA26C1}.Release|Any CPU.Build.0 = Release|Any CPU
	EndGlobalSection
	GlobalSection(SolutionProperties) = preSolution
		HideSolutionNode = FALSE
	EndGlobalSection
	GlobalSection(ExtensibilityGlobals) = postSolution
		SolutionGuid = {21B3C490-EDD8-4B1D-80E1-143D61F6E580}
	EndGlobalSection
EndGlobal
